
Microsoft Visual Studio Solution File, Format Version 12.00
# Visual Studio Version 17
VisualStudioVersion = 17.6.33829.357
MinimumVisualStudioVersion = 10.0.40219.1
Project("{9A19103F-16F7-4668-BE54-9A1E7A4F7556}") = "CompositePattern", "CompositePattern\CompositePattern.csproj", "{770E51A7-BA82-4391-857B-27A110BDE442}"
EndProject
Project("{9A19103F-16F7-4668-BE54-9A1E7A4F7556}") = "StatePattern", "StatePattern\StatePattern.csproj", "{6517F060-0805-468F-AABD-35783E1305B9}"
EndProject
Project("{9A19103F-16F7-4668-BE54-9A1E7A4F7556}") = "VisitorPattern", "VisitorPattern\VisitorPattern.csproj", "{594CEF81-B9AB-4009-8954-E8B5C410C8D3}"
EndProject
Project("{9A19103F-16F7-4668-BE54-9A1E7A4F7556}") = "FlyweightPattern", "FlyweightPattern\FlyweightPattern.csproj", "{E9F16D78-DC04-45FB-A906-628504CCC974}"
EndProject
Project("{9A19103F-16F7-4668-BE54-9A1E7A4F7556}") = "AbstractFactoryPattern", "AbstractFactoryPattern\AbstractFactoryPattern.csproj", "{F1773B3C-C6CB-49E1-AE7A-AFFC65B9FDA9}"
EndProject
Project("{9A19103F-16F7-4668-BE54-9A1E7A4F7556}") = "BuilderPattern", "BuilderPattern\BuilderPattern.csproj", "{2C8A1EF8-788A-4D96-9FE2-ED22B1F28FAF}"
EndProject
Project("{9A19103F-16F7-4668-BE54-9A1E7A4F7556}") = "ProxyPattern", "ProxyPattern\ProxyPattern.csproj", "{8312E290-2BEF-4FCE-81EC-04ABAB116358}"
EndProject
Project("{9A19103F-16F7-4668-BE54-9A1E7A4F7556}") = "PrototypePattern", "PrototypePattern\PrototypePattern.csproj", "{8EC66B79-120C-4345-AFC7-15C7636B5D43}"
EndProject
Project("{9A19103F-16F7-4668-BE54-9A1E7A4F7556}") = "AdapterPattern", "AdapterPattern\AdapterPattern.csproj", "{DE20A7F9-5704-4E3C-AF6B-4FC0630DAC88}"
EndProject
Project("{9A19103F-16F7-4668-BE54-9A1E7A4F7556}") = "DecoratorPattern", "DecoratorPattern\DecoratorPattern.csproj", "{1520BF68-06AF-4077-AF9F-FF719466C670}"
EndProject
Project("{9A19103F-16F7-4668-BE54-9A1E7A4F7556}") = "FacadePattern", "FacadePattern\FacadePattern.csproj", "{8D6E9A03-A440-4781-9EB0-5E55AFC40572}"
EndProject
Project("{9A19103F-16F7-4668-BE54-9A1E7A4F7556}") = "BridgePattern", "BridgePattern\BridgePattern.csproj", "{01ACB1F8-140D-4FDA-BBA9-3E403A7E2073}"
EndProject
Project("{9A19103F-16F7-4668-BE54-9A1E7A4F7556}") = "InterpreterPattern", "InterpreterPattern\InterpreterPattern.csproj", "{B994EA17-7CB5-49AB-90DF-DC4209B22698}"
EndProject
Project("{9A19103F-16F7-4668-BE54-9A1E7A4F7556}") = "ChainOfResponsibilityPattern", "ChainOfResponsibilityPattern\ChainOfResponsibilityPattern.csproj", "{16EE64FD-BE9D-4710-9EAC-FA2667B97006}"
EndProject
Project("{9A19103F-16F7-4668-BE54-9A1E7A4F7556}") = "MediatorPattern", "MediatorPattern\MediatorPattern.csproj", "{AE959B9D-5EDC-4204-817C-410ABFDCF147}"
EndProject
Project("{9A19103F-16F7-4668-BE54-9A1E7A4F7556}") = "CommandPattern", "CommandPattern\CommandPattern.csproj", "{7B10E8D3-79F1-4220-8B7C-EF593852384C}"
EndProject
Project("{FAE04EC0-301F-11D3-BF4B-00C04F79EFBC}") = "MementoPattern", "MementoPattern\MementoPattern.csproj", "{4FC7849F-EB2E-466A-8E04-3FCC188B0993}"
EndProject
Global
	GlobalSection(SolutionConfigurationPlatforms) = preSolution
		Debug|Any CPU = Debug|Any CPU
		Release|Any CPU = Release|Any CPU
	EndGlobalSection
	GlobalSection(ProjectConfigurationPlatforms) = postSolution
		{770E51A7-BA82-4391-857B-27A110BDE442}.Debug|Any CPU.ActiveCfg = Debug|Any CPU
		{770E51A7-BA82-4391-857B-27A110BDE442}.Debug|Any CPU.Build.0 = Debug|Any CPU
		{770E51A7-BA82-4391-857B-27A110BDE442}.Release|Any CPU.ActiveCfg = Release|Any CPU
		{770E51A7-BA82-4391-857B-27A110BDE442}.Release|Any CPU.Build.0 = Release|Any CPU
		{6517F060-0805-468F-AABD-35783E1305B9}.Debug|Any CPU.ActiveCfg = Debug|Any CPU
		{6517F060-0805-468F-AABD-35783E1305B9}.Debug|Any CPU.Build.0 = Debug|Any CPU
		{6517F060-0805-468F-AABD-35783E1305B9}.Release|Any CPU.ActiveCfg = Release|Any CPU
		{6517F060-0805-468F-AABD-35783E1305B9}.Release|Any CPU.Build.0 = Release|Any CPU
		{594CEF81-B9AB-4009-8954-E8B5C410C8D3}.Debug|Any CPU.ActiveCfg = Debug|Any CPU
		{594CEF81-B9AB-4009-8954-E8B5C410C8D3}.Debug|Any CPU.Build.0 = Debug|Any CPU
		{594CEF81-B9AB-4009-8954-E8B5C410C8D3}.Release|Any CPU.ActiveCfg = Release|Any CPU
		{594CEF81-B9AB-4009-8954-E8B5C410C8D3}.Release|Any CPU.Build.0 = Release|Any CPU
		{E9F16D78-DC04-45FB-A906-628504CCC974}.Debug|Any CPU.ActiveCfg = Debug|Any CPU
		{E9F16D78-DC04-45FB-A906-628504CCC974}.Debug|Any CPU.Build.0 = Debug|Any CPU
		{E9F16D78-DC04-45FB-A906-628504CCC974}.Release|Any CPU.ActiveCfg = Release|Any CPU
		{E9F16D78-DC04-45FB-A906-628504CCC974}.Release|Any CPU.Build.0 = Release|Any CPU
		{F1773B3C-C6CB-49E1-AE7A-AFFC65B9FDA9}.Debug|Any CPU.ActiveCfg = Debug|Any CPU
		{F1773B3C-C6CB-49E1-AE7A-AFFC65B9FDA9}.Debug|Any CPU.Build.0 = Debug|Any CPU
		{F1773B3C-C6CB-49E1-AE7A-AFFC65B9FDA9}.Release|Any CPU.ActiveCfg = Release|Any CPU
		{F1773B3C-C6CB-49E1-AE7A-AFFC65B9FDA9}.Release|Any CPU.Build.0 = Release|Any CPU
		{2C8A1EF8-788A-4D96-9FE2-ED22B1F28FAF}.Debug|Any CPU.ActiveCfg = Debug|Any CPU
		{2C8A1EF8-788A-4D96-9FE2-ED22B1F28FAF}.Debug|Any CPU.Build.0 = Debug|Any CPU
		{2C8A1EF8-788A-4D96-9FE2-ED22B1F28FAF}.Release|Any CPU.ActiveCfg = Release|Any CPU
		{2C8A1EF8-788A-4D96-9FE2-ED22B1F28FAF}.Release|Any CPU.Build.0 = Release|Any CPU
		{8312E290-2BEF-4FCE-81EC-04ABAB116358}.Debug|Any CPU.ActiveCfg = Debug|Any CPU
		{8312E290-2BEF-4FCE-81EC-04ABAB116358}.Debug|Any CPU.Build.0 = Debug|Any CPU
		{8312E290-2BEF-4FCE-81EC-04ABAB116358}.Release|Any CPU.ActiveCfg = Release|Any CPU
		{8312E290-2BEF-4FCE-81EC-04ABAB116358}.Release|Any CPU.Build.0 = Release|Any CPU
		{8EC66B79-120C-4345-AFC7-15C7636B5D43}.Debug|Any CPU.ActiveCfg = Debug|Any CPU
		{8EC66B79-120C-4345-AFC7-15C7636B5D43}.Debug|Any CPU.Build.0 = Debug|Any CPU
		{8EC66B79-120C-4345-AFC7-15C7636B5D43}.Release|Any CPU.ActiveCfg = Release|Any CPU
		{8EC66B79-120C-4345-AFC7-15C7636B5D43}.Release|Any CPU.Build.0 = Release|Any CPU
		{DE20A7F9-5704-4E3C-AF6B-4FC0630DAC88}.Debug|Any CPU.ActiveCfg = Debug|Any CPU
		{DE20A7F9-5704-4E3C-AF6B-4FC0630DAC88}.Debug|Any CPU.Build.0 = Debug|Any CPU
		{DE20A7F9-5704-4E3C-AF6B-4FC0630DAC88}.Release|Any CPU.ActiveCfg = Release|Any CPU
		{DE20A7F9-5704-4E3C-AF6B-4FC0630DAC88}.Release|Any CPU.Build.0 = Release|Any CPU
		{1520BF68-06AF-4077-AF9F-FF719466C670}.Debug|Any CPU.ActiveCfg = Debug|Any CPU
		{1520BF68-06AF-4077-AF9F-FF719466C670}.Debug|Any CPU.Build.0 = Debug|Any CPU
		{1520BF68-06AF-4077-AF9F-FF719466C670}.Release|Any CPU.ActiveCfg = Release|Any CPU
		{1520BF68-06AF-4077-AF9F-FF719466C670}.Release|Any CPU.Build.0 = Release|Any CPU
		{8D6E9A03-A440-4781-9EB0-5E55AFC40572}.Debug|Any CPU.ActiveCfg = Debug|Any CPU
		{8D6E9A03-A440-4781-9EB0-5E55AFC40572}.Debug|Any CPU.Build.0 = Debug|Any CPU
		{8D6E9A03-A440-4781-9EB0-5E55AFC40572}.Release|Any CPU.ActiveCfg = Release|Any CPU
		{8D6E9A03-A440-4781-9EB0-5E55AFC40572}.Release|Any CPU.Build.0 = Release|Any CPU
		{01ACB1F8-140D-4FDA-BBA9-3E403A7E2073}.Debug|Any CPU.ActiveCfg = Debug|Any CPU
		{01ACB1F8-140D-4FDA-BBA9-3E403A7E2073}.Debug|Any CPU.Build.0 = Debug|Any CPU
		{01ACB1F8-140D-4FDA-BBA9-3E403A7E2073}.Release|Any CPU.ActiveCfg = Release|Any CPU
		{01ACB1F8-140D-4FDA-BBA9-3E403A7E2073}.Release|Any CPU.Build.0 = Release|Any CPU
		{B994EA17-7CB5-49AB-90DF-DC4209B22698}.Debug|Any CPU.ActiveCfg = Debug|Any CPU
		{B994EA17-7CB5-49AB-90DF-DC4209B22698}.Debug|Any CPU.Build.0 = Debug|Any CPU
		{B994EA17-7CB5-49AB-90DF-DC4209B22698}.Release|Any CPU.ActiveCfg = Release|Any CPU
		{B994EA17-7CB5-49AB-90DF-DC4209B22698}.Release|Any CPU.Build.0 = Release|Any CPU
		{16EE64FD-BE9D-4710-9EAC-FA2667B97006}.Debug|Any CPU.ActiveCfg = Debug|Any CPU
		{16EE64FD-BE9D-4710-9EAC-FA2667B97006}.Debug|Any CPU.Build.0 = Debug|Any CPU
		{16EE64FD-BE9D-4710-9EAC-FA2667B97006}.Release|Any CPU.ActiveCfg = Release|Any CPU
		{16EE64FD-BE9D-4710-9EAC-FA2667B97006}.Release|Any CPU.Build.0 = Release|Any CPU
		{AE959B9D-5EDC-4204-817C-410ABFDCF147}.Debug|Any CPU.ActiveCfg = Debug|Any CPU
		{AE959B9D-5EDC-4204-817C-410ABFDCF147}.Debug|Any CPU.Build.0 = Debug|Any CPU
		{AE959B9D-5EDC-4204-817C-410ABFDCF147}.Release|Any CPU.ActiveCfg = Release|Any CPU
		{AE959B9D-5EDC-4204-817C-410ABFDCF147}.Release|Any CPU.Build.0 = Release|Any CPU
		{7B10E8D3-79F1-4220-8B7C-EF593852384C}.Debug|Any CPU.ActiveCfg = Debug|Any CPU
		{7B10E8D3-79F1-4220-8B7C-EF593852384C}.Debug|Any CPU.Build.0 = Debug|Any CPU
		{7B10E8D3-79F1-4220-8B7C-EF593852384C}.Release|Any CPU.ActiveCfg = Release|Any CPU
		{7B10E8D3-79F1-4220-8B7C-EF593852384C}.Release|Any CPU.Build.0 = Release|Any CPU
		{4FC7849F-EB2E-466A-8E04-3FCC188B0993}.Debug|Any CPU.ActiveCfg = Debug|Any CPU
		{4FC7849F-EB2E-466A-8E04-3FCC188B0993}.Debug|Any CPU.Build.0 = Debug|Any CPU
		{4FC7849F-EB2E-466A-8E04-3FCC188B0993}.Release|Any CPU.ActiveCfg = Release|Any CPU
		{4FC7849F-EB2E-466A-8E04-3FCC188B0993}.Release|Any CPU.Build.0 = Release|Any CPU
	EndGlobalSection
	GlobalSection(SolutionProperties) = preSolution
		HideSolutionNode = FALSE
	EndGlobalSection
	GlobalSection(ExtensibilityGlobals) = postSolution
		SolutionGuid = {592F0CA7-BBCC-44CC-A6AA-FCAA804C3503}
	EndGlobalSection
EndGlobal
