
Microsoft Visual Studio Solution File, Format Version 12.00
# Visual Studio Version 17
VisualStudioVersion = 17.6.33829.357
MinimumVisualStudioVersion = 10.0.40219.1
Project("{9A19103F-16F7-4668-BE54-9A1E7A4F7556}") = "CompositePattern", "CompositePattern\CompositePattern.csproj", "{770E51A7-BA82-4391-857B-27A110BDE442}"
EndProject
Project("{9A19103F-16F7-4668-BE54-9A1E7A4F7556}") = "StatePattern", "StatePattern\StatePattern.csproj", "{6517F060-0805-468F-AABD-35783E1305B9}"
EndProject
Project("{9A19103F-16F7-4668-BE54-9A1E7A4F7556}") = "VisitorPattern", "VisitorPattern\VisitorPattern.csproj", "{594CEF81-B9AB-4009-8954-E8B5C410C8D3}"
EndProject
Project("{9A19103F-16F7-4668-BE54-9A1E7A4F7556}") = "FlyweightPattern", "FlyweightPattern\FlyweightPattern.csproj", "{E9F16D78-DC04-45FB-A906-628504CCC974}"
EndProject
Project("{9A19103F-16F7-4668-BE54-9A1E7A4F7556}") = "AbstractFactoryPattern", "AbstractFactoryPattern\AbstractFactoryPattern.csproj", "{F1773B3C-C6CB-49E1-AE7A-AFFC65B9FDA9}"
EndProject
Project("{FAE04EC0-301F-11D3-BF4B-00C04F79EFBC}") = "BuilderPattern", "BuilderPattern\BuilderPattern.csproj", "{2C8A1EF8-788A-4D96-9FE2-ED22B1F28FAF}"
EndProject
Global
	GlobalSection(SolutionConfigurationPlatforms) = preSolution
		Debug|Any CPU = Debug|Any CPU
		Release|Any CPU = Release|Any CPU
	EndGlobalSection
	GlobalSection(ProjectConfigurationPlatforms) = postSolution
		{770E51A7-BA82-4391-857B-27A110BDE442}.Debug|Any CPU.ActiveCfg = Debug|Any CPU
		{770E51A7-BA82-4391-857B-27A110BDE442}.Debug|Any CPU.Build.0 = Debug|Any CPU
		{770E51A7-BA82-4391-857B-27A110BDE442}.Release|Any CPU.ActiveCfg = Release|Any CPU
		{770E51A7-BA82-4391-857B-27A110BDE442}.Release|Any CPU.Build.0 = Release|Any CPU
		{6517F060-0805-468F-AABD-35783E1305B9}.Debug|Any CPU.ActiveCfg = Debug|Any CPU
		{6517F060-0805-468F-AABD-35783E1305B9}.Debug|Any CPU.Build.0 = Debug|Any CPU
		{6517F060-0805-468F-AABD-35783E1305B9}.Release|Any CPU.ActiveCfg = Release|Any CPU
		{6517F060-0805-468F-AABD-35783E1305B9}.Release|Any CPU.Build.0 = Release|Any CPU
		{594CEF81-B9AB-4009-8954-E8B5C410C8D3}.Debug|Any CPU.ActiveCfg = Debug|Any CPU
		{594CEF81-B9AB-4009-8954-E8B5C410C8D3}.Debug|Any CPU.Build.0 = Debug|Any CPU
		{594CEF81-B9AB-4009-8954-E8B5C410C8D3}.Release|Any CPU.ActiveCfg = Release|Any CPU
		{594CEF81-B9AB-4009-8954-E8B5C410C8D3}.Release|Any CPU.Build.0 = Release|Any CPU
		{E9F16D78-DC04-45FB-A906-628504CCC974}.Debug|Any CPU.ActiveCfg = Debug|Any CPU
		{E9F16D78-DC04-45FB-A906-628504CCC974}.Debug|Any CPU.Build.0 = Debug|Any CPU
		{E9F16D78-DC04-45FB-A906-628504CCC974}.Release|Any CPU.ActiveCfg = Release|Any CPU
		{E9F16D78-DC04-45FB-A906-628504CCC974}.Release|Any CPU.Build.0 = Release|Any CPU
		{F1773B3C-C6CB-49E1-AE7A-AFFC65B9FDA9}.Debug|Any CPU.ActiveCfg = Debug|Any CPU
		{F1773B3C-C6CB-49E1-AE7A-AFFC65B9FDA9}.Debug|Any CPU.Build.0 = Debug|Any CPU
		{F1773B3C-C6CB-49E1-AE7A-AFFC65B9FDA9}.Release|Any CPU.ActiveCfg = Release|Any CPU
		{F1773B3C-C6CB-49E1-AE7A-AFFC65B9FDA9}.Release|Any CPU.Build.0 = Release|Any CPU
		{2C8A1EF8-788A-4D96-9FE2-ED22B1F28FAF}.Debug|Any CPU.ActiveCfg = Debug|Any CPU
		{2C8A1EF8-788A-4D96-9FE2-ED22B1F28FAF}.Debug|Any CPU.Build.0 = Debug|Any CPU
		{2C8A1EF8-788A-4D96-9FE2-ED22B1F28FAF}.Release|Any CPU.ActiveCfg = Release|Any CPU
		{2C8A1EF8-788A-4D96-9FE2-ED22B1F28FAF}.Release|Any CPU.Build.0 = Release|Any CPU
	EndGlobalSection
	GlobalSection(SolutionProperties) = preSolution
		HideSolutionNode = FALSE
	EndGlobalSection
	GlobalSection(ExtensibilityGlobals) = postSolution
		SolutionGuid = {592F0CA7-BBCC-44CC-A6AA-FCAA804C3503}
	EndGlobalSection
EndGlobal
